// !$*UTF8*$!
{
	archiveVersion = 1;
	classes = {
	};
	objectVersion = 56;
	objects = {

/* Begin PBXBuildFile section */
		496E79972A5C5F6A004FF849 /* MapView.swift in Sources */ = {isa = PBXBuildFile; fileRef = 496E79962A5C5F6A004FF849 /* MapView.swift */; };
		49B35F1E2A6D8EC8005DE839 /* landmarkData.json in Resources */ = {isa = PBXBuildFile; fileRef = 49B35F1D2A6D8EC8005DE839 /* landmarkData.json */; };
		49B35F202A6D8F97005DE839 /* Landmark.swift in Sources */ = {isa = PBXBuildFile; fileRef = 49B35F1F2A6D8F97005DE839 /* Landmark.swift */; };
		49B35F222A6D962F005DE839 /* ModelData.swift in Sources */ = {isa = PBXBuildFile; fileRef = 49B35F212A6D962F005DE839 /* ModelData.swift */; };
		49B35F292A6DB2F6005DE839 /* LandmarkRow.swift in Sources */ = {isa = PBXBuildFile; fileRef = 49B35F282A6DB2F6005DE839 /* LandmarkRow.swift */; };
		49B35F2B2A6DB4DD005DE839 /* LandmarkList.swift in Sources */ = {isa = PBXBuildFile; fileRef = 49B35F2A2A6DB4DD005DE839 /* LandmarkList.swift */; };
		49B35F2D2A6DB79F005DE839 /* LandmarkDetail.swift in Sources */ = {isa = PBXBuildFile; fileRef = 49B35F2C2A6DB79F005DE839 /* LandmarkDetail.swift */; };
		49FCF2C02A53327E00C3AFD4 /* MyPlaces_iOS_App.swift in Sources */ = {isa = PBXBuildFile; fileRef = 49FCF2BF2A53327E00C3AFD4 /* MyPlaces_iOS_App.swift */; };
		49FCF2C22A53327E00C3AFD4 /* ContentView.swift in Sources */ = {isa = PBXBuildFile; fileRef = 49FCF2C12A53327E00C3AFD4 /* ContentView.swift */; };
		49FCF2C42A53327F00C3AFD4 /* Assets.xcassets in Resources */ = {isa = PBXBuildFile; fileRef = 49FCF2C32A53327F00C3AFD4 /* Assets.xcassets */; };
		49FCF2C72A53327F00C3AFD4 /* Preview Assets.xcassets in Resources */ = {isa = PBXBuildFile; fileRef = 49FCF2C62A53327F00C3AFD4 /* Preview Assets.xcassets */; };
		49FCF2CE2A534E8700C3AFD4 /* CirclePic.swift in Sources */ = {isa = PBXBuildFile; fileRef = 49FCF2CD2A534E8700C3AFD4 /* CirclePic.swift */; };
/* End PBXBuildFile section */

/* Begin PBXFileReference section */
		496E79962A5C5F6A004FF849 /* MapView.swift */ = {isa = PBXFileReference; lastKnownFileType = sourcecode.swift; path = MapView.swift; sourceTree = "<group>"; };
		49B35F1D2A6D8EC8005DE839 /* landmarkData.json */ = {isa = PBXFileReference; fileEncoding = 4; lastKnownFileType = text.json; path = landmarkData.json; sourceTree = "<group>"; };
		49B35F1F2A6D8F97005DE839 /* Landmark.swift */ = {isa = PBXFileReference; lastKnownFileType = sourcecode.swift; path = Landmark.swift; sourceTree = "<group>"; };
		49B35F212A6D962F005DE839 /* ModelData.swift */ = {isa = PBXFileReference; lastKnownFileType = sourcecode.swift; path = ModelData.swift; sourceTree = "<group>"; };
		49B35F282A6DB2F6005DE839 /* LandmarkRow.swift */ = {isa = PBXFileReference; lastKnownFileType = sourcecode.swift; path = LandmarkRow.swift; sourceTree = "<group>"; };
		49B35F2A2A6DB4DD005DE839 /* LandmarkList.swift */ = {isa = PBXFileReference; lastKnownFileType = sourcecode.swift; path = LandmarkList.swift; sourceTree = "<group>"; };
		49B35F2C2A6DB79F005DE839 /* LandmarkDetail.swift */ = {isa = PBXFileReference; lastKnownFileType = sourcecode.swift; path = LandmarkDetail.swift; sourceTree = "<group>"; };
		49FCF2BC2A53327E00C3AFD4 /* MyPlaces(iOS).app */ = {isa = PBXFileReference; explicitFileType = wrapper.application; includeInIndex = 0; path = "MyPlaces(iOS).app"; sourceTree = BUILT_PRODUCTS_DIR; };
		49FCF2BF2A53327E00C3AFD4 /* MyPlaces_iOS_App.swift */ = {isa = PBXFileReference; lastKnownFileType = sourcecode.swift; path = MyPlaces_iOS_App.swift; sourceTree = "<group>"; };
		49FCF2C12A53327E00C3AFD4 /* ContentView.swift */ = {isa = PBXFileReference; lastKnownFileType = sourcecode.swift; path = ContentView.swift; sourceTree = "<group>"; };
		49FCF2C32A53327F00C3AFD4 /* Assets.xcassets */ = {isa = PBXFileReference; lastKnownFileType = folder.assetcatalog; path = Assets.xcassets; sourceTree = "<group>"; };
		49FCF2C62A53327F00C3AFD4 /* Preview Assets.xcassets */ = {isa = PBXFileReference; lastKnownFileType = folder.assetcatalog; path = "Preview Assets.xcassets"; sourceTree = "<group>"; };
		49FCF2CD2A534E8700C3AFD4 /* CirclePic.swift */ = {isa = PBXFileReference; lastKnownFileType = sourcecode.swift; path = CirclePic.swift; sourceTree = "<group>"; };
/* End PBXFileReference section */

/* Begin PBXFrameworksBuildPhase section */
		49FCF2B92A53327E00C3AFD4 /* Frameworks */ = {
			isa = PBXFrameworksBuildPhase;
			buildActionMask = 2147483647;
			files = (
			);
			runOnlyForDeploymentPostprocessing = 0;
		};
/* End PBXFrameworksBuildPhase section */

/* Begin PBXGroup section */
		49B35F242A6D9DF9005DE839 /* Views */ = {
			isa = PBXGroup;
			children = (
				49FCF2C12A53327E00C3AFD4 /* ContentView.swift */,
				49FCF2CD2A534E8700C3AFD4 /* CirclePic.swift */,
				496E79962A5C5F6A004FF849 /* MapView.swift */,
				49B35F282A6DB2F6005DE839 /* LandmarkRow.swift */,
				49B35F2A2A6DB4DD005DE839 /* LandmarkList.swift */,
				49B35F2C2A6DB79F005DE839 /* LandmarkDetail.swift */,
			);
			path = Views;
			sourceTree = "<group>";
		};
		49B35F262A6D9E0E005DE839 /* Model */ = {
			isa = PBXGroup;
			children = (
				49B35F212A6D962F005DE839 /* ModelData.swift */,
				49B35F1F2A6D8F97005DE839 /* Landmark.swift */,
			);
			path = Model;
			sourceTree = "<group>";
		};
		49B35F272A6D9E1F005DE839 /* Resources */ = {
			isa = PBXGroup;
			children = (
				49B35F1D2A6D8EC8005DE839 /* landmarkData.json */,
			);
			path = Resources;
			sourceTree = "<group>";
		};
		49FCF2B32A53327E00C3AFD4 = {
			isa = PBXGroup;
			children = (
				49FCF2BE2A53327E00C3AFD4 /* MyPlaces(iOS) */,
				49FCF2BD2A53327E00C3AFD4 /* Products */,
			);
			sourceTree = "<group>";
		};
		49FCF2BD2A53327E00C3AFD4 /* Products */ = {
			isa = PBXGroup;
			children = (
				49FCF2BC2A53327E00C3AFD4 /* MyPlaces(iOS).app */,
			);
			name = Products;
			sourceTree = "<group>";
		};
		49FCF2BE2A53327E00C3AFD4 /* MyPlaces(iOS) */ = {
			isa = PBXGroup;
			children = (
				49B35F272A6D9E1F005DE839 /* Resources */,
				49B35F262A6D9E0E005DE839 /* Model */,
				49B35F242A6D9DF9005DE839 /* Views */,
				49FCF2BF2A53327E00C3AFD4 /* MyPlaces_iOS_App.swift */,
				49FCF2C32A53327F00C3AFD4 /* Assets.xcassets */,
				49FCF2C52A53327F00C3AFD4 /* Preview Content */,
			);
			path = "MyPlaces(iOS)";
			sourceTree = "<group>";
		};
		49FCF2C52A53327F00C3AFD4 /* Preview Content */ = {
			isa = PBXGroup;
			children = (
				49FCF2C62A53327F00C3AFD4 /* Preview Assets.xcassets */,
			);
			path = "Preview Content";
			sourceTree = "<group>";
		};
/* End PBXGroup section */

/* Begin PBXNativeTarget section */
		49FCF2BB2A53327E00C3AFD4 /* MyPlaces(iOS) */ = {
			isa = PBXNativeTarget;
			buildConfigurationList = 49FCF2CA2A53327F00C3AFD4 /* Build configuration list for PBXNativeTarget "MyPlaces(iOS)" */;
			buildPhases = (
				49FCF2B82A53327E00C3AFD4 /* Sources */,
				49FCF2B92A53327E00C3AFD4 /* Frameworks */,
				49FCF2BA2A53327E00C3AFD4 /* Resources */,
			);
			buildRules = (
			);
			dependencies = (
			);
			name = "MyPlaces(iOS)";
			productName = "MyPlaces(iOS)";
			productReference = 49FCF2BC2A53327E00C3AFD4 /* MyPlaces(iOS).app */;
			productType = "com.apple.product-type.application";
		};
/* End PBXNativeTarget section */

/* Begin PBXProject section */
		49FCF2B42A53327E00C3AFD4 /* Project object */ = {
			isa = PBXProject;
			attributes = {
				BuildIndependentTargetsInParallel = 1;
				LastSwiftUpdateCheck = 1430;
				LastUpgradeCheck = 1430;
				TargetAttributes = {
					49FCF2BB2A53327E00C3AFD4 = {
						CreatedOnToolsVersion = 14.3.1;
					};
				};
			};
			buildConfigurationList = 49FCF2B72A53327E00C3AFD4 /* Build configuration list for PBXProject "MyPlaces(iOS)" */;
			compatibilityVersion = "Xcode 14.0";
			developmentRegion = en;
			hasScannedForEncodings = 0;
			knownRegions = (
				en,
				Base,
			);
			mainGroup = 49FCF2B32A53327E00C3AFD4;
			productRefGroup = 49FCF2BD2A53327E00C3AFD4 /* Products */;
			projectDirPath = "";
			projectRoot = "";
			targets = (
				49FCF2BB2A53327E00C3AFD4 /* MyPlaces(iOS) */,
			);
		};
/* End PBXProject section */

/* Begin PBXResourcesBuildPhase section */
		49FCF2BA2A53327E00C3AFD4 /* Resources */ = {
			isa = PBXResourcesBuildPhase;
			buildActionMask = 2147483647;
			files = (
				49FCF2C72A53327F00C3AFD4 /* Preview Assets.xcassets in Resources */,
				49FCF2C42A53327F00C3AFD4 /* Assets.xcassets in Resources */,
				49B35F1E2A6D8EC8005DE839 /* landmarkData.json in Resources */,
			);
			runOnlyForDeploymentPostprocessing = 0;
		};
/* End PBXResourcesBuildPhase section */

/* Begin PBXSourcesBuildPhase section */
		49FCF2B82A53327E00C3AFD4 /* Sources */ = {
			isa = PBXSourcesBuildPhase;
			buildActionMask = 2147483647;
			files = (
				49FCF2C22A53327E00C3AFD4 /* ContentView.swift in Sources */,
				496E79972A5C5F6A004FF849 /* MapView.swift in Sources */,
				49FCF2C02A53327E00C3AFD4 /* MyPlaces_iOS_App.swift in Sources */,
				49B35F2B2A6DB4DD005DE839 /* LandmarkList.swift in Sources */,
				49B35F2D2A6DB79F005DE839 /* LandmarkDetail.swift in Sources */,
				49FCF2CE2A534E8700C3AFD4 /* CirclePic.swift in Sources */,
				49B35F202A6D8F97005DE839 /* Landmark.swift in Sources */,
				49B35F292A6DB2F6005DE839 /* LandmarkRow.swift in Sources */,
				49B35F222A6D962F005DE839 /* ModelData.swift in Sources */,
			);
			runOnlyForDeploymentPostprocessing = 0;
		};
/* End PBXSourcesBuildPhase section */

/* Begin XCBuildConfiguration section */
		49FCF2C82A53327F00C3AFD4 /* Debug */ = {
			isa = XCBuildConfiguration;
			buildSettings = {
				ALWAYS_SEARCH_USER_PATHS = NO;
				CLANG_ANALYZER_NONNULL = YES;
				CLANG_ANALYZER_NUMBER_OBJECT_CONVERSION = YES_AGGRESSIVE;
				CLANG_CXX_LANGUAGE_STANDARD = "gnu++20";
				CLANG_ENABLE_MODULES = YES;
				CLANG_ENABLE_OBJC_ARC = YES;
				CLANG_ENABLE_OBJC_WEAK = YES;
				CLANG_WARN_BLOCK_CAPTURE_AUTORELEASING = YES;
				CLANG_WARN_BOOL_CONVERSION = YES;
				CLANG_WARN_COMMA = YES;
				CLANG_WARN_CONSTANT_CONVERSION = YES;
				CLANG_WARN_DEPRECATED_OBJC_IMPLEMENTATIONS = YES;
				CLANG_WARN_DIRECT_OBJC_ISA_USAGE = YES_ERROR;
				CLANG_WARN_DOCUMENTATION_COMMENTS = YES;
				CLANG_WARN_EMPTY_BODY = YES;
				CLANG_WARN_ENUM_CONVERSION = YES;
				CLANG_WARN_INFINITE_RECURSION = YES;
				CLANG_WARN_INT_CONVERSION = YES;
				CLANG_WARN_NON_LITERAL_NULL_CONVERSION = YES;
				CLANG_WARN_OBJC_IMPLICIT_RETAIN_SELF = YES;
				CLANG_WARN_OBJC_LITERAL_CONVERSION = YES;
				CLANG_WARN_OBJC_ROOT_CLASS = YES_ERROR;
				CLANG_WARN_QUOTED_INCLUDE_IN_FRAMEWORK_HEADER = YES;
				CLANG_WARN_RANGE_LOOP_ANALYSIS = YES;
				CLANG_WARN_STRICT_PROTOTYPES = YES;
				CLANG_WARN_SUSPICIOUS_MOVE = YES;
				CLANG_WARN_UNGUARDED_AVAILABILITY = YES_AGGRESSIVE;
				CLANG_WARN_UNREACHABLE_CODE = YES;
				CLANG_WARN__DUPLICATE_METHOD_MATCH = YES;
				COPY_PHASE_STRIP = NO;
				DEBUG_INFORMATION_FORMAT = dwarf;
				ENABLE_STRICT_OBJC_MSGSEND = YES;
				ENABLE_TESTABILITY = YES;
				GCC_C_LANGUAGE_STANDARD = gnu11;
				GCC_DYNAMIC_NO_PIC = NO;
				GCC_NO_COMMON_BLOCKS = YES;
				GCC_OPTIMIZATION_LEVEL = 0;
				GCC_PREPROCESSOR_DEFINITIONS = (
					"DEBUG=1",
					"$(inherited)",
				);
				GCC_WARN_64_TO_32_BIT_CONVERSION = YES;
				GCC_WARN_ABOUT_RETURN_TYPE = YES_ERROR;
				GCC_WARN_UNDECLARED_SELECTOR = YES;
				GCC_WARN_UNINITIALIZED_AUTOS = YES_AGGRESSIVE;
				GCC_WARN_UNUSED_FUNCTION = YES;
				GCC_WARN_UNUSED_VARIABLE = YES;
				IPHONEOS_DEPLOYMENT_TARGET = 16.4;
				MTL_ENABLE_DEBUG_INFO = INCLUDE_SOURCE;
				MTL_FAST_MATH = YES;
				ONLY_ACTIVE_ARCH = YES;
				SDKROOT = iphoneos;
				SWIFT_ACTIVE_COMPILATION_CONDITIONS = DEBUG;
				SWIFT_OPTIMIZATION_LEVEL = "-Onone";
			};
			name = Debug;
		};
		49FCF2C92A53327F00C3AFD4 /* Release */ = {
			isa = XCBuildConfiguration;
			buildSettings = {
				ALWAYS_SEARCH_USER_PATHS = NO;
				CLANG_ANALYZER_NONNULL = YES;
				CLANG_ANALYZER_NUMBER_OBJECT_CONVERSION = YES_AGGRESSIVE;
				CLANG_CXX_LANGUAGE_STANDARD = "gnu++20";
				CLANG_ENABLE_MODULES = YES;
				CLANG_ENABLE_OBJC_ARC = YES;
				CLANG_ENABLE_OBJC_WEAK = YES;
				CLANG_WARN_BLOCK_CAPTURE_AUTORELEASING = YES;
				CLANG_WARN_BOOL_CONVERSION = YES;
				CLANG_WARN_COMMA = YES;
				CLANG_WARN_CONSTANT_CONVERSION = YES;
				CLANG_WARN_DEPRECATED_OBJC_IMPLEMENTATIONS = YES;
				CLANG_WARN_DIRECT_OBJC_ISA_USAGE = YES_ERROR;
				CLANG_WARN_DOCUMENTATION_COMMENTS = YES;
				CLANG_WARN_EMPTY_BODY = YES;
				CLANG_WARN_ENUM_CONVERSION = YES;
				CLANG_WARN_INFINITE_RECURSION = YES;
				CLANG_WARN_INT_CONVERSION = YES;
				CLANG_WARN_NON_LITERAL_NULL_CONVERSION = YES;
				CLANG_WARN_OBJC_IMPLICIT_RETAIN_SELF = YES;
				CLANG_WARN_OBJC_LITERAL_CONVERSION = YES;
				CLANG_WARN_OBJC_ROOT_CLASS = YES_ERROR;
				CLANG_WARN_QUOTED_INCLUDE_IN_FRAMEWORK_HEADER = YES;
				CLANG_WARN_RANGE_LOOP_ANALYSIS = YES;
				CLANG_WARN_STRICT_PROTOTYPES = YES;
				CLANG_WARN_SUSPICIOUS_MOVE = YES;
				CLANG_WARN_UNGUARDED_AVAILABILITY = YES_AGGRESSIVE;
				CLANG_WARN_UNREACHABLE_CODE = YES;
				CLANG_WARN__DUPLICATE_METHOD_MATCH = YES;
				COPY_PHASE_STRIP = NO;
				DEBUG_INFORMATION_FORMAT = "dwarf-with-dsym";
				ENABLE_NS_ASSERTIONS = NO;
				ENABLE_STRICT_OBJC_MSGSEND = YES;
				GCC_C_LANGUAGE_STANDARD = gnu11;
				GCC_NO_COMMON_BLOCKS = YES;
				GCC_WARN_64_TO_32_BIT_CONVERSION = YES;
				GCC_WARN_ABOUT_RETURN_TYPE = YES_ERROR;
				GCC_WARN_UNDECLARED_SELECTOR = YES;
				GCC_WARN_UNINITIALIZED_AUTOS = YES_AGGRESSIVE;
				GCC_WARN_UNUSED_FUNCTION = YES;
				GCC_WARN_UNUSED_VARIABLE = YES;
				IPHONEOS_DEPLOYMENT_TARGET = 16.4;
				MTL_ENABLE_DEBUG_INFO = NO;
				MTL_FAST_MATH = YES;
				SDKROOT = iphoneos;
				SWIFT_COMPILATION_MODE = wholemodule;
				SWIFT_OPTIMIZATION_LEVEL = "-O";
				VALIDATE_PRODUCT = YES;
			};
			name = Release;
		};
		49FCF2CB2A53327F00C3AFD4 /* Debug */ = {
			isa = XCBuildConfiguration;
			buildSettings = {
				ASSETCATALOG_COMPILER_APPICON_NAME = AppIcon;
				ASSETCATALOG_COMPILER_GLOBAL_ACCENT_COLOR_NAME = AccentColor;
				CODE_SIGN_STYLE = Automatic;
				CURRENT_PROJECT_VERSION = 1;
				DEVELOPMENT_ASSET_PATHS = "\"MyPlaces(iOS)/Preview Content\"";
				ENABLE_PREVIEWS = YES;
				GENERATE_INFOPLIST_FILE = YES;
				INFOPLIST_KEY_UIApplicationSceneManifest_Generation = YES;
				INFOPLIST_KEY_UIApplicationSupportsIndirectInputEvents = YES;
				INFOPLIST_KEY_UILaunchScreen_Generation = YES;
				INFOPLIST_KEY_UISupportedInterfaceOrientations_iPad = "UIInterfaceOrientationPortrait UIInterfaceOrientationPortraitUpsideDown UIInterfaceOrientationLandscapeLeft UIInterfaceOrientationLandscapeRight";
				INFOPLIST_KEY_UISupportedInterfaceOrientations_iPhone = "UIInterfaceOrientationPortrait UIInterfaceOrientationLandscapeLeft UIInterfaceOrientationLandscapeRight";
				LD_RUNPATH_SEARCH_PATHS = (
					"$(inherited)",
					"@executable_path/Frameworks",
				);
				MARKETING_VERSION = 1.0;
				PRODUCT_BUNDLE_IDENTIFIER = "com.HongLe.MyPlaces-iOS-";
				PRODUCT_NAME = "$(TARGET_NAME)";
				SWIFT_EMIT_LOC_STRINGS = YES;
				SWIFT_VERSION = 5.0;
				TARGETED_DEVICE_FAMILY = "1,2";
			};
			name = Debug;
		};
		49FCF2CC2A53327F00C3AFD4 /* Release */ = {
			isa = XCBuildConfiguration;
			buildSettings = {
				ASSETCATALOG_COMPILER_APPICON_NAME = AppIcon;
				ASSETCATALOG_COMPILER_GLOBAL_ACCENT_COLOR_NAME = AccentColor;
				CODE_SIGN_STYLE = Automatic;
				CURRENT_PROJECT_VERSION = 1;
				DEVELOPMENT_ASSET_PATHS = "\"MyPlaces(iOS)/Preview Content\"";
				ENABLE_PREVIEWS = YES;
				GENERATE_INFOPLIST_FILE = YES;
				INFOPLIST_KEY_UIApplicationSceneManifest_Generation = YES;
				INFOPLIST_KEY_UIApplicationSupportsIndirectInputEvents = YES;
				INFOPLIST_KEY_UILaunchScreen_Generation = YES;
				INFOPLIST_KEY_UISupportedInterfaceOrientations_iPad = "UIInterfaceOrientationPortrait UIInterfaceOrientationPortraitUpsideDown UIInterfaceOrientationLandscapeLeft UIInterfaceOrientationLandscapeRight";
				INFOPLIST_KEY_UISupportedInterfaceOrientations_iPhone = "UIInterfaceOrientationPortrait UIInterfaceOrientationLandscapeLeft UIInterfaceOrientationLandscapeRight";
				LD_RUNPATH_SEARCH_PATHS = (
					"$(inherited)",
					"@executable_path/Frameworks",
				);
				MARKETING_VERSION = 1.0;
				PRODUCT_BUNDLE_IDENTIFIER = "com.HongLe.MyPlaces-iOS-";
				PRODUCT_NAME = "$(TARGET_NAME)";
				SWIFT_EMIT_LOC_STRINGS = YES;
				SWIFT_VERSION = 5.0;
				TARGETED_DEVICE_FAMILY = "1,2";
			};
			name = Release;
		};
/* End XCBuildConfiguration section */

/* Begin XCConfigurationList section */
		49FCF2B72A53327E00C3AFD4 /* Build configuration list for PBXProject "MyPlaces(iOS)" */ = {
			isa = XCConfigurationList;
			buildConfigurations = (
				49FCF2C82A53327F00C3AFD4 /* Debug */,
				49FCF2C92A53327F00C3AFD4 /* Release */,
			);
			defaultConfigurationIsVisible = 0;
			defaultConfigurationName = Release;
		};
		49FCF2CA2A53327F00C3AFD4 /* Build configuration list for PBXNativeTarget "MyPlaces(iOS)" */ = {
			isa = XCConfigurationList;
			buildConfigurations = (
				49FCF2CB2A53327F00C3AFD4 /* Debug */,
				49FCF2CC2A53327F00C3AFD4 /* Release */,
			);
			defaultConfigurationIsVisible = 0;
			defaultConfigurationName = Release;
		};
/* End XCConfigurationList section */
	};
	rootObject = 49FCF2B42A53327E00C3AFD4 /* Project object */;
}
